
Microsoft Visual Studio Solution File, Format Version 12.00
# Visual Studio Version 16
VisualStudioVersion = 16.0.31005.135
MinimumVisualStudioVersion = 10.0.40219.1
Project("{9A19103F-16F7-4668-BE54-9A1E7A4F7556}") = "MnistCNNKerasFunctional", "MnistCNNKerasFunctional\MnistCNNKerasFunctional.csproj", "{687CB6C7-1E29-49A6-B58A-1A5CD2D35CBC}"
EndProject
Global
	GlobalSection(SolutionConfigurationPlatforms) = preSolution
		Debug|Any CPU = Debug|Any CPU
		Release|Any CPU = Release|Any CPU
	EndGlobalSection
	GlobalSection(ProjectConfigurationPlatforms) = postSolution
		{687CB6C7-1E29-49A6-B58A-1A5CD2D35CBC}.Debug|Any CPU.ActiveCfg = Debug|Any CPU
		{687CB6C7-1E29-49A6-B58A-1A5CD2D35CBC}.Debug|Any CPU.Build.0 = Debug|Any CPU
		{687CB6C7-1E29-49A6-B58A-1A5CD2D35CBC}.Release|Any CPU.ActiveCfg = Release|Any CPU
		{687CB6C7-1E29-49A6-B58A-1A5CD2D35CBC}.Release|Any CPU.Build.0 = Release|Any CPU
	EndGlobalSection
	GlobalSection(SolutionProperties) = preSolution
		HideSolutionNode = FALSE
	EndGlobalSection
	GlobalSection(ExtensibilityGlobals) = postSolution
		SolutionGuid = {81972755-660A-4BC6-A9A3-6CFCA7CF3C2F}
	EndGlobalSection
EndGlobal
