
Microsoft Visual Studio Solution File, Format Version 12.00
# Visual Studio Version 16
VisualStudioVersion = 16.0.31410.357
MinimumVisualStudioVersion = 10.0.40219.1
Project("{F2A71F9B-5D33-465A-A702-920D77279786}") = "CNN", "CNN\CNN.fsproj", "{86DB4B9D-925A-4127-9699-9E538D014659}"
EndProject
Global
	GlobalSection(SolutionConfigurationPlatforms) = preSolution
		Debug|Any CPU = Debug|Any CPU
		Release|Any CPU = Release|Any CPU
	EndGlobalSection
	GlobalSection(ProjectConfigurationPlatforms) = postSolution
		{86DB4B9D-925A-4127-9699-9E538D014659}.Debug|Any CPU.ActiveCfg = Debug|Any CPU
		{86DB4B9D-925A-4127-9699-9E538D014659}.Debug|Any CPU.Build.0 = Debug|Any CPU
		{86DB4B9D-925A-4127-9699-9E538D014659}.Release|Any CPU.ActiveCfg = Release|Any CPU
		{86DB4B9D-925A-4127-9699-9E538D014659}.Release|Any CPU.Build.0 = Release|Any CPU
	EndGlobalSection
	GlobalSection(SolutionProperties) = preSolution
		HideSolutionNode = FALSE
	EndGlobalSection
	GlobalSection(ExtensibilityGlobals) = postSolution
		SolutionGuid = {4CAD6CF9-73EF-46FD-9E5C-1F21759E5AD8}
	EndGlobalSection
EndGlobal
