
Microsoft Visual Studio Solution File, Format Version 12.00
# Visual Studio Version 16
VisualStudioVersion = 16.0.31410.357
MinimumVisualStudioVersion = 10.0.40219.1
Project("{F2A71F9B-5D33-465A-A702-920D77279786}") = "HelloWorld", "FSharpExamples\HelloWorld.fsproj", "{FAD66799-BFB1-4D57-848C-D4C9DA71D2FA}"
EndProject
Project("{F2A71F9B-5D33-465A-A702-920D77279786}") = "BasicOperations", "BasicOperations\BasicOperations.fsproj", "{1E6E91AA-C96A-4A68-B094-CF7D9052EFAE}"
EndProject
Global
	GlobalSection(SolutionConfigurationPlatforms) = preSolution
		Debug|Any CPU = Debug|Any CPU
		Release|Any CPU = Release|Any CPU
	EndGlobalSection
	GlobalSection(ProjectConfigurationPlatforms) = postSolution
		{FAD66799-BFB1-4D57-848C-D4C9DA71D2FA}.Debug|Any CPU.ActiveCfg = Debug|Any CPU
		{FAD66799-BFB1-4D57-848C-D4C9DA71D2FA}.Debug|Any CPU.Build.0 = Debug|Any CPU
		{FAD66799-BFB1-4D57-848C-D4C9DA71D2FA}.Release|Any CPU.ActiveCfg = Release|Any CPU
		{FAD66799-BFB1-4D57-848C-D4C9DA71D2FA}.Release|Any CPU.Build.0 = Release|Any CPU
		{1E6E91AA-C96A-4A68-B094-CF7D9052EFAE}.Debug|Any CPU.ActiveCfg = Debug|Any CPU
		{1E6E91AA-C96A-4A68-B094-CF7D9052EFAE}.Debug|Any CPU.Build.0 = Debug|Any CPU
		{1E6E91AA-C96A-4A68-B094-CF7D9052EFAE}.Release|Any CPU.ActiveCfg = Release|Any CPU
		{1E6E91AA-C96A-4A68-B094-CF7D9052EFAE}.Release|Any CPU.Build.0 = Release|Any CPU
	EndGlobalSection
	GlobalSection(SolutionProperties) = preSolution
		HideSolutionNode = FALSE
	EndGlobalSection
	GlobalSection(ExtensibilityGlobals) = postSolution
		SolutionGuid = {3849B692-D1D1-4367-B354-7B165E7C2830}
	EndGlobalSection
EndGlobal
