
Microsoft Visual Studio Solution File, Format Version 12.00
# Visual Studio Version 16
VisualStudioVersion = 16.0.31112.23
MinimumVisualStudioVersion = 10.0.40219.1
Project("{FAE04EC0-301F-11D3-BF4B-00C04F79EFBC}") = "ExploreCNN", "ExploreCNN\ExploreCNN.csproj", "{7BE48959-EC1B-466A-A807-0767A330A06C}"
EndProject
Global
	GlobalSection(SolutionConfigurationPlatforms) = preSolution
		Debug|Any CPU = Debug|Any CPU
		Release|Any CPU = Release|Any CPU
	EndGlobalSection
	GlobalSection(ProjectConfigurationPlatforms) = postSolution
		{7BE48959-EC1B-466A-A807-0767A330A06C}.Debug|Any CPU.ActiveCfg = Debug|Any CPU
		{7BE48959-EC1B-466A-A807-0767A330A06C}.Debug|Any CPU.Build.0 = Debug|Any CPU
		{7BE48959-EC1B-466A-A807-0767A330A06C}.Release|Any CPU.ActiveCfg = Release|Any CPU
		{7BE48959-EC1B-466A-A807-0767A330A06C}.Release|Any CPU.Build.0 = Release|Any CPU
	EndGlobalSection
	GlobalSection(SolutionProperties) = preSolution
		HideSolutionNode = FALSE
	EndGlobalSection
	GlobalSection(ExtensibilityGlobals) = postSolution
		SolutionGuid = {6CD64E57-ED4F-49A7-94D2-4381E1F70945}
	EndGlobalSection
EndGlobal
