
Microsoft Visual Studio Solution File, Format Version 12.00
# Visual Studio Version 16
VisualStudioVersion = 16.0.31410.357
MinimumVisualStudioVersion = 10.0.40219.1
Project("{F2A71F9B-5D33-465A-A702-920D77279786}") = "DNN", "DNN\DNN.fsproj", "{6F18519F-A66C-4F93-BAA9-F3DE68C4C385}"
EndProject
Global
	GlobalSection(SolutionConfigurationPlatforms) = preSolution
		Debug|Any CPU = Debug|Any CPU
		Release|Any CPU = Release|Any CPU
	EndGlobalSection
	GlobalSection(ProjectConfigurationPlatforms) = postSolution
		{6F18519F-A66C-4F93-BAA9-F3DE68C4C385}.Debug|Any CPU.ActiveCfg = Debug|Any CPU
		{6F18519F-A66C-4F93-BAA9-F3DE68C4C385}.Debug|Any CPU.Build.0 = Debug|Any CPU
		{6F18519F-A66C-4F93-BAA9-F3DE68C4C385}.Release|Any CPU.ActiveCfg = Release|Any CPU
		{6F18519F-A66C-4F93-BAA9-F3DE68C4C385}.Release|Any CPU.Build.0 = Release|Any CPU
	EndGlobalSection
	GlobalSection(SolutionProperties) = preSolution
		HideSolutionNode = FALSE
	EndGlobalSection
	GlobalSection(ExtensibilityGlobals) = postSolution
		SolutionGuid = {2B0A02A3-958B-406F-98F8-57115247B0E0}
	EndGlobalSection
EndGlobal
